
Microsoft Visual Studio Solution File, Format Version 12.00
# Visual Studio Version 16
VisualStudioVersion = 16.0.30128.74
MinimumVisualStudioVersion = 10.0.40219.1
Project("{151D2E53-A2C4-4D7D-83FE-D05416EBD58E}") = "AzureResourceGroup.Infrastructure", "AzureResourceGroup.Infrastructure\AzureResourceGroup.Infrastructure.deployproj", "{581AE393-93BB-4D4D-B379-782B0A767C2C}"
EndProject
Global
	GlobalSection(SolutionConfigurationPlatforms) = preSolution
		Debug|Any CPU = Debug|Any CPU
		Release|Any CPU = Release|Any CPU
	EndGlobalSection
	GlobalSection(ProjectConfigurationPlatforms) = postSolution
		{581AE393-93BB-4D4D-B379-782B0A767C2C}.Debug|Any CPU.ActiveCfg = Debug|Any CPU
		{581AE393-93BB-4D4D-B379-782B0A767C2C}.Debug|Any CPU.Build.0 = Debug|Any CPU
		{581AE393-93BB-4D4D-B379-782B0A767C2C}.Release|Any CPU.ActiveCfg = Release|Any CPU
		{581AE393-93BB-4D4D-B379-782B0A767C2C}.Release|Any CPU.Build.0 = Release|Any CPU
	EndGlobalSection
	GlobalSection(SolutionProperties) = preSolution
		HideSolutionNode = FALSE
	EndGlobalSection
	GlobalSection(ExtensibilityGlobals) = postSolution
		SolutionGuid = {B88AFCED-5B2C-4619-AA89-98A3110DA2EE}
	EndGlobalSection
EndGlobal
